
Microsoft Visual Studio Solution File, Format Version 12.00
# Visual Studio Version 17
VisualStudioVersion = 17.4.33205.214
MinimumVisualStudioVersion = 10.0.40219.1
Project("{9A19103F-16F7-4668-BE54-9A1E7A4F7556}") = "QuizletClone.Domain", "QuizletClone.Domain\QuizletClone.Domain.csproj", "{0E455E7E-E7B8-449C-A833-A832A628F437}"
EndProject
Project("{9A19103F-16F7-4668-BE54-9A1E7A4F7556}") = "QuizletClone.EntityFramework", "QuizletClone.EntityFramework\QuizletClone.EntityFramework.csproj", "{F01AFE71-067C-4054-8855-92CBE90ED2DD}"
EndProject
Project("{FAE04EC0-301F-11D3-BF4B-00C04F79EFBC}") = "ConsoleApp1", "ConsoleApp1\ConsoleApp1.csproj", "{C5EF70E7-E398-40C0-A9CE-786643CB8EDF}"
EndProject
Global
	GlobalSection(SolutionConfigurationPlatforms) = preSolution
		Debug|Any CPU = Debug|Any CPU
		Release|Any CPU = Release|Any CPU
	EndGlobalSection
	GlobalSection(ProjectConfigurationPlatforms) = postSolution
		{0E455E7E-E7B8-449C-A833-A832A628F437}.Debug|Any CPU.ActiveCfg = Debug|Any CPU
		{0E455E7E-E7B8-449C-A833-A832A628F437}.Debug|Any CPU.Build.0 = Debug|Any CPU
		{0E455E7E-E7B8-449C-A833-A832A628F437}.Release|Any CPU.ActiveCfg = Release|Any CPU
		{0E455E7E-E7B8-449C-A833-A832A628F437}.Release|Any CPU.Build.0 = Release|Any CPU
		{F01AFE71-067C-4054-8855-92CBE90ED2DD}.Debug|Any CPU.ActiveCfg = Debug|Any CPU
		{F01AFE71-067C-4054-8855-92CBE90ED2DD}.Debug|Any CPU.Build.0 = Debug|Any CPU
		{F01AFE71-067C-4054-8855-92CBE90ED2DD}.Release|Any CPU.ActiveCfg = Release|Any CPU
		{F01AFE71-067C-4054-8855-92CBE90ED2DD}.Release|Any CPU.Build.0 = Release|Any CPU
		{C5EF70E7-E398-40C0-A9CE-786643CB8EDF}.Debug|Any CPU.ActiveCfg = Debug|Any CPU
		{C5EF70E7-E398-40C0-A9CE-786643CB8EDF}.Debug|Any CPU.Build.0 = Debug|Any CPU
		{C5EF70E7-E398-40C0-A9CE-786643CB8EDF}.Release|Any CPU.ActiveCfg = Release|Any CPU
		{C5EF70E7-E398-40C0-A9CE-786643CB8EDF}.Release|Any CPU.Build.0 = Release|Any CPU
	EndGlobalSection
	GlobalSection(SolutionProperties) = preSolution
		HideSolutionNode = FALSE
	EndGlobalSection
	GlobalSection(ExtensibilityGlobals) = postSolution
		SolutionGuid = {FFF9BD34-DA90-41A1-82BE-75AA40237075}
	EndGlobalSection
EndGlobal
